{
	"name": "@downquark/template_monorepo_module-centauri",
	"version": "1.0.0-0",
	"lockfileVersion": 1,
	"requires": true,
	"dependencies": {
		"qonsole": {
			"version": "1.0.9",
			"resolved": "https://registry.npmjs.org/qonsole/-/qonsole-1.0.9.tgz",
			"integrity": "sha512-meTyhLk6iv0hRTGmpDBfhz/2AgVMPW6yJm4bIdR7wIsW7tW9kj+hiLzBFwXqw3s+ftA1Q2TWDqs8ZDQc2djoVw=="
		}
	}
}
